
Microsoft Visual Studio Solution File, Format Version 12.00
# Visual Studio Version 16
VisualStudioVersion = 16.0.31515.178
MinimumVisualStudioVersion = 10.0.40219.1
Project("{FAE04EC0-301F-11D3-BF4B-00C04F79EFBC}") = "L10_DBDLL_29187_clase", "L10_DBDLL_29187_clase.csproj", "{0621827F-A5E2-40C7-A4C1-4E48CAA4C189}"
EndProject
Global
	GlobalSection(SolutionConfigurationPlatforms) = preSolution
		Debug|Any CPU = Debug|Any CPU
		Release|Any CPU = Release|Any CPU
	EndGlobalSection
	GlobalSection(ProjectConfigurationPlatforms) = postSolution
		{0621827F-A5E2-40C7-A4C1-4E48CAA4C189}.Debug|Any CPU.ActiveCfg = Debug|Any CPU
		{0621827F-A5E2-40C7-A4C1-4E48CAA4C189}.Debug|Any CPU.Build.0 = Debug|Any CPU
		{0621827F-A5E2-40C7-A4C1-4E48CAA4C189}.Release|Any CPU.ActiveCfg = Release|Any CPU
		{0621827F-A5E2-40C7-A4C1-4E48CAA4C189}.Release|Any CPU.Build.0 = Release|Any CPU
	EndGlobalSection
	GlobalSection(SolutionProperties) = preSolution
		HideSolutionNode = FALSE
	EndGlobalSection
	GlobalSection(ExtensibilityGlobals) = postSolution
		SolutionGuid = {EC11C1DB-3A00-4260-BCBD-49E45DF5C258}
	EndGlobalSection
EndGlobal
